fyne.io/fyne/v2 v2.4.4 h1:4efSRpoikcGbqQN83yzC9WmF8UNq9olsaJQ/Ejme6Z8=
fyne.io/fyne/v2 v2.4.4/go.mod h1:VyrxAOZ3NRZRWBvNIJbfqoKOG4DdbewoPk7ozqJKNPY=
github.com/xmppo/go-xmpp v0.1.5 h1:Nxrf+NPxBcpmDTVSNpHPEdHccXJAHE3uMULnM0fOI1U=
github.com/xmppo/go-xmpp v0.1.5/go.mod h1:yOhaLKwPWIe/lMiDS6btyI8lCa56j8RD3iSrel0k/8c=
golang.org/x/crypto v0.21.0 h1:X31++rzVUdKhX5sWmSOFZxx8UW/ldWx55cbf08iNAMA=
golang.org/x/crypto v0.21.0/go.mod h1:0BP7YvVV9gBbVKyeTG0Gyn+gZm94bibOW5BjDEYAOMs=
golang.org/x/net v0.23.0 h1:7EYJ93RZ9vYSZAIb2x3lnuvqO5zneoD6IvWjuhfxjTs=
golang.org/x/net v0.23.0/go.mod h1:JKghWKKOSdJwpW2GEx0Ja7fmaKnMsbu+MWVZTokSYmg=
